
Microsoft Visual Studio Solution File, Format Version 12.00
# Visual Studio 15
VisualStudioVersion = 15.0.27703.2042
MinimumVisualStudioVersion = 10.0.40219.1
Project("{9A19103F-16F7-4668-BE54-9A1E7A4F7556}") = "UserService", "UserService\UserService.csproj", "{76E5C464-ED58-4EDF-B71E-4C37EF46C624}"
EndProject
Project("{FAE04EC0-301F-11D3-BF4B-00C04F79EFBC}") = "UserService.Unit", "UserService.Unit\UserService.Unit.csproj", "{A1D9F08E-0E5F-4FB8-B15F-B6E85D758EF4}"
EndProject
Global
	GlobalSection(SolutionConfigurationPlatforms) = preSolution
		Debug|Any CPU = Debug|Any CPU
		Release|Any CPU = Release|Any CPU
	EndGlobalSection
	GlobalSection(ProjectConfigurationPlatforms) = postSolution
		{76E5C464-ED58-4EDF-B71E-4C37EF46C624}.Debug|Any CPU.ActiveCfg = Debug|Any CPU
		{76E5C464-ED58-4EDF-B71E-4C37EF46C624}.Debug|Any CPU.Build.0 = Debug|Any CPU
		{76E5C464-ED58-4EDF-B71E-4C37EF46C624}.Release|Any CPU.ActiveCfg = Release|Any CPU
		{76E5C464-ED58-4EDF-B71E-4C37EF46C624}.Release|Any CPU.Build.0 = Release|Any CPU
		{A1D9F08E-0E5F-4FB8-B15F-B6E85D758EF4}.Debug|Any CPU.ActiveCfg = Debug|Any CPU
		{A1D9F08E-0E5F-4FB8-B15F-B6E85D758EF4}.Debug|Any CPU.Build.0 = Debug|Any CPU
		{A1D9F08E-0E5F-4FB8-B15F-B6E85D758EF4}.Release|Any CPU.ActiveCfg = Release|Any CPU
		{A1D9F08E-0E5F-4FB8-B15F-B6E85D758EF4}.Release|Any CPU.Build.0 = Release|Any CPU
	EndGlobalSection
	GlobalSection(SolutionProperties) = preSolution
		HideSolutionNode = FALSE
	EndGlobalSection
	GlobalSection(ExtensibilityGlobals) = postSolution
		SolutionGuid = {4B55A72A-EE3F-4794-830D-63A018393A5B}
	EndGlobalSection
EndGlobal
